
Microsoft Visual Studio Solution File, Format Version 12.00
# Visual Studio Version 17
VisualStudioVersion = 17.0.31903.59
MinimumVisualStudioVersion = 10.0.40219.1
Project("{FAE04EC0-301F-11D3-BF4B-00C04F79EFBC}") = "TestStoreAutomation", "TestStoreAutomation\TestStoreAutomation.csproj", "{2236A7B8-A2C3-4C14-9AC1-7FC779DAE5CF}"
EndProject
Project("{FAE04EC0-301F-11D3-BF4B-00C04F79EFBC}") = "TestStoreAutomation.Tests", "TestStoreAutomation.Tests\TestStoreAutomation.Tests.csproj", "{99A62DCB-8AE6-48B0-AEBA-EF315E26C83B}"
EndProject
Global
	GlobalSection(SolutionConfigurationPlatforms) = preSolution
		Debug|Any CPU = Debug|Any CPU
		Release|Any CPU = Release|Any CPU
	EndGlobalSection
	GlobalSection(SolutionProperties) = preSolution
		HideSolutionNode = FALSE
	EndGlobalSection
	GlobalSection(ProjectConfigurationPlatforms) = postSolution
		{2236A7B8-A2C3-4C14-9AC1-7FC779DAE5CF}.Debug|Any CPU.ActiveCfg = Debug|Any CPU
		{2236A7B8-A2C3-4C14-9AC1-7FC779DAE5CF}.Debug|Any CPU.Build.0 = Debug|Any CPU
		{2236A7B8-A2C3-4C14-9AC1-7FC779DAE5CF}.Release|Any CPU.ActiveCfg = Release|Any CPU
		{2236A7B8-A2C3-4C14-9AC1-7FC779DAE5CF}.Release|Any CPU.Build.0 = Release|Any CPU
		{99A62DCB-8AE6-48B0-AEBA-EF315E26C83B}.Debug|Any CPU.ActiveCfg = Debug|Any CPU
		{99A62DCB-8AE6-48B0-AEBA-EF315E26C83B}.Debug|Any CPU.Build.0 = Debug|Any CPU
		{99A62DCB-8AE6-48B0-AEBA-EF315E26C83B}.Release|Any CPU.ActiveCfg = Release|Any CPU
		{99A62DCB-8AE6-48B0-AEBA-EF315E26C83B}.Release|Any CPU.Build.0 = Release|Any CPU
	EndGlobalSection
EndGlobal
